// !$*UTF8*$!
{
	archiveVersion = 1;
	classes = {
	};
	objectVersion = 46;
	objects = {

/* Begin PBXBuildFile section */
		F432F5CE1F4CDB2000A135FF /* CustomTableViewCell.swift in Sources */ = {isa = PBXBuildFile; fileRef = F432F5CD1F4CDB2000A135FF /* CustomTableViewCell.swift */; };
		F451E54E1E0336180071E931 /* AppDelegate.swift in Sources */ = {isa = PBXBuildFile; fileRef = F451E54D1E0336180071E931 /* AppDelegate.swift */; };
		F451E5501E0336180071E931 /* FirstViewController.swift in Sources */ = {isa = PBXBuildFile; fileRef = F451E54F1E0336180071E931 /* FirstViewController.swift */; };
		F451E5521E0336180071E931 /* SecondViewController.swift in Sources */ = {isa = PBXBuildFile; fileRef = F451E5511E0336180071E931 /* SecondViewController.swift */; };
		F451E5551E0336180071E931 /* Main.storyboard in Resources */ = {isa = PBXBuildFile; fileRef = F451E5531E0336180071E931 /* Main.storyboard */; };
		F451E5571E0336180071E931 /* Assets.xcassets in Resources */ = {isa = PBXBuildFile; fileRef = F451E5561E0336180071E931 /* Assets.xcassets */; };
		F451E55A1E0336180071E931 /* LaunchScreen.storyboard in Resources */ = {isa = PBXBuildFile; fileRef = F451E5581E0336180071E931 /* LaunchScreen.storyboard */; };
		F451E5651E0336190071E931 /* School_PlannerTests.swift in Sources */ = {isa = PBXBuildFile; fileRef = F451E5641E0336190071E931 /* School_PlannerTests.swift */; };
		F451E5701E0336190071E931 /* School_PlannerUITests.swift in Sources */ = {isa = PBXBuildFile; fileRef = F451E56F1E0336190071E931 /* School_PlannerUITests.swift */; };
		F451E57E1E03D1BA0071E931 /* ThirdViewController.swift in Sources */ = {isa = PBXBuildFile; fileRef = F451E57D1E03D1BA0071E931 /* ThirdViewController.swift */; };
		F4832BC91E052C2000D409E7 /* extension.swift in Sources */ = {isa = PBXBuildFile; fileRef = F4832BC81E052C2000D409E7 /* extension.swift */; };
		F49718941F4D5CB9009CA7C9 /* AssignmentTableViewCell.swift in Sources */ = {isa = PBXBuildFile; fileRef = F49718931F4D5CB9009CA7C9 /* AssignmentTableViewCell.swift */; };
		F4E3D4771E05083B00000EAF /* FourthViewController.swift in Sources */ = {isa = PBXBuildFile; fileRef = F4E3D4761E05083B00000EAF /* FourthViewController.swift */; };
/* End PBXBuildFile section */

/* Begin PBXContainerItemProxy section */
		F451E5611E0336190071E931 /* PBXContainerItemProxy */ = {
			isa = PBXContainerItemProxy;
			containerPortal = F451E5421E0336180071E931 /* Project object */;
			proxyType = 1;
			remoteGlobalIDString = F451E5491E0336180071E931;
			remoteInfo = "School Planner";
		};
		F451E56C1E0336190071E931 /* PBXContainerItemProxy */ = {
			isa = PBXContainerItemProxy;
			containerPortal = F451E5421E0336180071E931 /* Project object */;
			proxyType = 1;
			remoteGlobalIDString = F451E5491E0336180071E931;
			remoteInfo = "School Planner";
		};
/* End PBXContainerItemProxy section */

/* Begin PBXFileReference section */
		F432F5CD1F4CDB2000A135FF /* CustomTableViewCell.swift */ = {isa = PBXFileReference; fileEncoding = 4; lastKnownFileType = sourcecode.swift; path = CustomTableViewCell.swift; sourceTree = "<group>"; };
		F451E54A1E0336180071E931 /* School Planner.app */ = {isa = PBXFileReference; explicitFileType = wrapper.application; includeInIndex = 0; path = "School Planner.app"; sourceTree = BUILT_PRODUCTS_DIR; };
		F451E54D1E0336180071E931 /* AppDelegate.swift */ = {isa = PBXFileReference; lastKnownFileType = sourcecode.swift; path = AppDelegate.swift; sourceTree = "<group>"; };
		F451E54F1E0336180071E931 /* FirstViewController.swift */ = {isa = PBXFileReference; lastKnownFileType = sourcecode.swift; path = FirstViewController.swift; sourceTree = "<group>"; };
		F451E5511E0336180071E931 /* SecondViewController.swift */ = {isa = PBXFileReference; lastKnownFileType = sourcecode.swift; path = SecondViewController.swift; sourceTree = "<group>"; };
		F451E5541E0336180071E931 /* Base */ = {isa = PBXFileReference; lastKnownFileType = file.storyboard; name = Base; path = Base.lproj/Main.storyboard; sourceTree = "<group>"; };
		F451E5561E0336180071E931 /* Assets.xcassets */ = {isa = PBXFileReference; lastKnownFileType = folder.assetcatalog; path = Assets.xcassets; sourceTree = "<group>"; };
		F451E5591E0336180071E931 /* Base */ = {isa = PBXFileReference; lastKnownFileType = file.storyboard; name = Base; path = Base.lproj/LaunchScreen.storyboard; sourceTree = "<group>"; };
		F451E55B1E0336180071E931 /* Info.plist */ = {isa = PBXFileReference; lastKnownFileType = text.plist.xml; path = Info.plist; sourceTree = "<group>"; };
		F451E5601E0336190071E931 /* School PlannerTests.xctest */ = {isa = PBXFileReference; explicitFileType = wrapper.cfbundle; includeInIndex = 0; path = "School PlannerTests.xctest"; sourceTree = BUILT_PRODUCTS_DIR; };
		F451E5641E0336190071E931 /* School_PlannerTests.swift */ = {isa = PBXFileReference; lastKnownFileType = sourcecode.swift; path = School_PlannerTests.swift; sourceTree = "<group>"; };
		F451E5661E0336190071E931 /* Info.plist */ = {isa = PBXFileReference; lastKnownFileType = text.plist.xml; path = Info.plist; sourceTree = "<group>"; };
		F451E56B1E0336190071E931 /* School PlannerUITests.xctest */ = {isa = PBXFileReference; explicitFileType = wrapper.cfbundle; includeInIndex = 0; path = "School PlannerUITests.xctest"; sourceTree = BUILT_PRODUCTS_DIR; };
		F451E56F1E0336190071E931 /* School_PlannerUITests.swift */ = {isa = PBXFileReference; lastKnownFileType = sourcecode.swift; path = School_PlannerUITests.swift; sourceTree = "<group>"; };
		F451E5711E0336190071E931 /* Info.plist */ = {isa = PBXFileReference; lastKnownFileType = text.plist.xml; path = Info.plist; sourceTree = "<group>"; };
		F451E57D1E03D1BA0071E931 /* ThirdViewController.swift */ = {isa = PBXFileReference; fileEncoding = 4; lastKnownFileType = sourcecode.swift; path = ThirdViewController.swift; sourceTree = "<group>"; };
		F4832BC81E052C2000D409E7 /* extension.swift */ = {isa = PBXFileReference; fileEncoding = 4; lastKnownFileType = sourcecode.swift; path = extension.swift; sourceTree = "<group>"; };
		F49718931F4D5CB9009CA7C9 /* AssignmentTableViewCell.swift */ = {isa = PBXFileReference; fileEncoding = 4; lastKnownFileType = sourcecode.swift; path = AssignmentTableViewCell.swift; sourceTree = "<group>"; };
		F4E3D4761E05083B00000EAF /* FourthViewController.swift */ = {isa = PBXFileReference; fileEncoding = 4; lastKnownFileType = sourcecode.swift; path = FourthViewController.swift; sourceTree = "<group>"; };
/* End PBXFileReference section */

/* Begin PBXFrameworksBuildPhase section */
		F451E5471E0336180071E931 /* Frameworks */ = {
			isa = PBXFrameworksBuildPhase;
			buildActionMask = 2147483647;
			files = (
			);
			runOnlyForDeploymentPostprocessing = 0;
		};
		F451E55D1E0336190071E931 /* Frameworks */ = {
			isa = PBXFrameworksBuildPhase;
			buildActionMask = 2147483647;
			files = (
			);
			runOnlyForDeploymentPostprocessing = 0;
		};
		F451E5681E0336190071E931 /* Frameworks */ = {
			isa = PBXFrameworksBuildPhase;
			buildActionMask = 2147483647;
			files = (
			);
			runOnlyForDeploymentPostprocessing = 0;
		};
/* End PBXFrameworksBuildPhase section */

/* Begin PBXGroup section */
		F451E5411E0336180071E931 = {
			isa = PBXGroup;
			children = (
				F451E54C1E0336180071E931 /* School Planner */,
				F451E5631E0336190071E931 /* School PlannerTests */,
				F451E56E1E0336190071E931 /* School PlannerUITests */,
				F451E54B1E0336180071E931 /* Products */,
			);
			sourceTree = "<group>";
		};
		F451E54B1E0336180071E931 /* Products */ = {
			isa = PBXGroup;
			children = (
				F451E54A1E0336180071E931 /* School Planner.app */,
				F451E5601E0336190071E931 /* School PlannerTests.xctest */,
				F451E56B1E0336190071E931 /* School PlannerUITests.xctest */,
			);
			name = Products;
			sourceTree = "<group>";
		};
		F451E54C1E0336180071E931 /* School Planner */ = {
			isa = PBXGroup;
			children = (
				F451E54D1E0336180071E931 /* AppDelegate.swift */,
				F451E54F1E0336180071E931 /* FirstViewController.swift */,
				F451E5511E0336180071E931 /* SecondViewController.swift */,
				F451E57D1E03D1BA0071E931 /* ThirdViewController.swift */,
				F4E3D4761E05083B00000EAF /* FourthViewController.swift */,
				F432F5CD1F4CDB2000A135FF /* CustomTableViewCell.swift */,
				F49718931F4D5CB9009CA7C9 /* AssignmentTableViewCell.swift */,
				F4832BC81E052C2000D409E7 /* extension.swift */,
				F451E5531E0336180071E931 /* Main.storyboard */,
				F451E5561E0336180071E931 /* Assets.xcassets */,
				F451E5581E0336180071E931 /* LaunchScreen.storyboard */,
				F451E55B1E0336180071E931 /* Info.plist */,
			);
			path = "School Planner";
			sourceTree = "<group>";
		};
		F451E5631E0336190071E931 /* School PlannerTests */ = {
			isa = PBXGroup;
			children = (
				F451E5641E0336190071E931 /* School_PlannerTests.swift */,
				F451E5661E0336190071E931 /* Info.plist */,
			);
			path = "School PlannerTests";
			sourceTree = "<group>";
		};
		F451E56E1E0336190071E931 /* School PlannerUITests */ = {
			isa = PBXGroup;
			children = (
				F451E56F1E0336190071E931 /* School_PlannerUITests.swift */,
				F451E5711E0336190071E931 /* Info.plist */,
			);
			path = "School PlannerUITests";
			sourceTree = "<group>";
		};
/* End PBXGroup section */

/* Begin PBXNativeTarget section */
		F451E5491E0336180071E931 /* School Planner */ = {
			isa = PBXNativeTarget;
			buildConfigurationList = F451E5741E0336190071E931 /* Build configuration list for PBXNativeTarget "School Planner" */;
			buildPhases = (
				F451E5461E0336180071E931 /* Sources */,
				F451E5471E0336180071E931 /* Frameworks */,
				F451E5481E0336180071E931 /* Resources */,
			);
			buildRules = (
			);
			dependencies = (
			);
			name = "School Planner";
			productName = "School Planner";
			productReference = F451E54A1E0336180071E931 /* School Planner.app */;
			productType = "com.apple.product-type.application";
		};
		F451E55F1E0336190071E931 /* School PlannerTests */ = {
			isa = PBXNativeTarget;
			buildConfigurationList = F451E5771E0336190071E931 /* Build configuration list for PBXNativeTarget "School PlannerTests" */;
			buildPhases = (
				F451E55C1E0336190071E931 /* Sources */,
				F451E55D1E0336190071E931 /* Frameworks */,
				F451E55E1E0336190071E931 /* Resources */,
			);
			buildRules = (
			);
			dependencies = (
				F451E5621E0336190071E931 /* PBXTargetDependency */,
			);
			name = "School PlannerTests";
			productName = "School PlannerTests";
			productReference = F451E5601E0336190071E931 /* School PlannerTests.xctest */;
			productType = "com.apple.product-type.bundle.unit-test";
		};
		F451E56A1E0336190071E931 /* School PlannerUITests */ = {
			isa = PBXNativeTarget;
			buildConfigurationList = F451E57A1E0336190071E931 /* Build configuration list for PBXNativeTarget "School PlannerUITests" */;
			buildPhases = (
				F451E5671E0336190071E931 /* Sources */,
				F451E5681E0336190071E931 /* Frameworks */,
				F451E5691E0336190071E931 /* Resources */,
			);
			buildRules = (
			);
			dependencies = (
				F451E56D1E0336190071E931 /* PBXTargetDependency */,
			);
			name = "School PlannerUITests";
			productName = "School PlannerUITests";
			productReference = F451E56B1E0336190071E931 /* School PlannerUITests.xctest */;
			productType = "com.apple.product-type.bundle.ui-testing";
		};
/* End PBXNativeTarget section */

/* Begin PBXProject section */
		F451E5421E0336180071E931 /* Project object */ = {
			isa = PBXProject;
			attributes = {
				LastSwiftUpdateCheck = 0800;
				LastUpgradeCheck = 0820;
				ORGANIZATIONNAME = "Nick Allaire";
				TargetAttributes = {
					F451E5491E0336180071E931 = {
						CreatedOnToolsVersion = 8.0;
						DevelopmentTeam = L9R7FG8564;
						ProvisioningStyle = Automatic;
					};
					F451E55F1E0336190071E931 = {
						CreatedOnToolsVersion = 8.0;
						DevelopmentTeam = L9R7FG8564;
						ProvisioningStyle = Automatic;
						TestTargetID = F451E5491E0336180071E931;
					};
					F451E56A1E0336190071E931 = {
						CreatedOnToolsVersion = 8.0;
						DevelopmentTeam = L9R7FG8564;
						ProvisioningStyle = Automatic;
						TestTargetID = F451E5491E0336180071E931;
					};
				};
			};
			buildConfigurationList = F451E5451E0336180071E931 /* Build configuration list for PBXProject "School Planner" */;
			compatibilityVersion = "Xcode 3.2";
			developmentRegion = English;
			hasScannedForEncodings = 0;
			knownRegions = (
				en,
				Base,
			);
			mainGroup = F451E5411E0336180071E931;
			productRefGroup = F451E54B1E0336180071E931 /* Products */;
			projectDirPath = "";
			projectRoot = "";
			targets = (
				F451E5491E0336180071E931 /* School Planner */,
				F451E55F1E0336190071E931 /* School PlannerTests */,
				F451E56A1E0336190071E931 /* School PlannerUITests */,
			);
		};
/* End PBXProject section */

/* Begin PBXResourcesBuildPhase section */
		F451E5481E0336180071E931 /* Resources */ = {
			isa = PBXResourcesBuildPhase;
			buildActionMask = 2147483647;
			files = (
				F451E55A1E0336180071E931 /* LaunchScreen.storyboard in Resources */,
				F451E5571E0336180071E931 /* Assets.xcassets in Resources */,
				F451E5551E0336180071E931 /* Main.storyboard in Resources */,
			);
			runOnlyForDeploymentPostprocessing = 0;
		};
		F451E55E1E0336190071E931 /* Resources */ = {
			isa = PBXResourcesBuildPhase;
			buildActionMask = 2147483647;
			files = (
			);
			runOnlyForDeploymentPostprocessing = 0;
		};
		F451E5691E0336190071E931 /* Resources */ = {
			isa = PBXResourcesBuildPhase;
			buildActionMask = 2147483647;
			files = (
			);
			runOnlyForDeploymentPostprocessing = 0;
		};
/* End PBXResourcesBuildPhase section */

/* Begin PBXSourcesBuildPhase section */
		F451E5461E0336180071E931 /* Sources */ = {
			isa = PBXSourcesBuildPhase;
			buildActionMask = 2147483647;
			files = (
				F451E5521E0336180071E931 /* SecondViewController.swift in Sources */,
				F451E54E1E0336180071E931 /* AppDelegate.swift in Sources */,
				F451E57E1E03D1BA0071E931 /* ThirdViewController.swift in Sources */,
				F432F5CE1F4CDB2000A135FF /* CustomTableViewCell.swift in Sources */,
				F49718941F4D5CB9009CA7C9 /* AssignmentTableViewCell.swift in Sources */,
				F4832BC91E052C2000D409E7 /* extension.swift in Sources */,
				F451E5501E0336180071E931 /* FirstViewController.swift in Sources */,
				F4E3D4771E05083B00000EAF /* FourthViewController.swift in Sources */,
			);
			runOnlyForDeploymentPostprocessing = 0;
		};
		F451E55C1E0336190071E931 /* Sources */ = {
			isa = PBXSourcesBuildPhase;
			buildActionMask = 2147483647;
			files = (
				F451E5651E0336190071E931 /* School_PlannerTests.swift in Sources */,
			);
			runOnlyForDeploymentPostprocessing = 0;
		};
		F451E5671E0336190071E931 /* Sources */ = {
			isa = PBXSourcesBuildPhase;
			buildActionMask = 2147483647;
			files = (
				F451E5701E0336190071E931 /* School_PlannerUITests.swift in Sources */,
			);
			runOnlyForDeploymentPostprocessing = 0;
		};
/* End PBXSourcesBuildPhase section */

/* Begin PBXTargetDependency section */
		F451E5621E0336190071E931 /* PBXTargetDependency */ = {
			isa = PBXTargetDependency;
			target = F451E5491E0336180071E931 /* School Planner */;
			targetProxy = F451E5611E0336190071E931 /* PBXContainerItemProxy */;
		};
		F451E56D1E0336190071E931 /* PBXTargetDependency */ = {
			isa = PBXTargetDependency;
			target = F451E5491E0336180071E931 /* School Planner */;
			targetProxy = F451E56C1E0336190071E931 /* PBXContainerItemProxy */;
		};
/* End PBXTargetDependency section */

/* Begin PBXVariantGroup section */
		F451E5531E0336180071E931 /* Main.storyboard */ = {
			isa = PBXVariantGroup;
			children = (
				F451E5541E0336180071E931 /* Base */,
			);
			name = Main.storyboard;
			sourceTree = "<group>";
		};
		F451E5581E0336180071E931 /* LaunchScreen.storyboard */ = {
			isa = PBXVariantGroup;
			children = (
				F451E5591E0336180071E931 /* Base */,
			);
			name = LaunchScreen.storyboard;
			sourceTree = "<group>";
		};
/* End PBXVariantGroup section */

/* Begin XCBuildConfiguration section */
		F451E5721E0336190071E931 /* Debug */ = {
			isa = XCBuildConfiguration;
			buildSettings = {
				ALWAYS_SEARCH_USER_PATHS = NO;
				CLANG_ANALYZER_NONNULL = YES;
				CLANG_CXX_LANGUAGE_STANDARD = "gnu++0x";
				CLANG_CXX_LIBRARY = "libc++";
				CLANG_ENABLE_MODULES = YES;
				CLANG_ENABLE_OBJC_ARC = YES;
				CLANG_WARN_BOOL_CONVERSION = YES;
				CLANG_WARN_CONSTANT_CONVERSION = YES;
				CLANG_WARN_DIRECT_OBJC_ISA_USAGE = YES_ERROR;
				CLANG_WARN_DOCUMENTATION_COMMENTS = YES;
				CLANG_WARN_EMPTY_BODY = YES;
				CLANG_WARN_ENUM_CONVERSION = YES;
				CLANG_WARN_INFINITE_RECURSION = YES;
				CLANG_WARN_INT_CONVERSION = YES;
				CLANG_WARN_OBJC_ROOT_CLASS = YES_ERROR;
				CLANG_WARN_SUSPICIOUS_MOVE = YES;
				CLANG_WARN_SUSPICIOUS_MOVES = YES;
				CLANG_WARN_UNREACHABLE_CODE = YES;
				CLANG_WARN__DUPLICATE_METHOD_MATCH = YES;
				"CODE_SIGN_IDENTITY[sdk=iphoneos*]" = "iPhone Developer";
				COPY_PHASE_STRIP = NO;
				DEBUG_INFORMATION_FORMAT = dwarf;
				ENABLE_STRICT_OBJC_MSGSEND = YES;
				ENABLE_TESTABILITY = YES;
				GCC_C_LANGUAGE_STANDARD = gnu99;
				GCC_DYNAMIC_NO_PIC = NO;
				GCC_NO_COMMON_BLOCKS = YES;
				GCC_OPTIMIZATION_LEVEL = 0;
				GCC_PREPROCESSOR_DEFINITIONS = (
					"DEBUG=1",
					"$(inherited)",
				);
				GCC_WARN_64_TO_32_BIT_CONVERSION = YES;
				GCC_WARN_ABOUT_RETURN_TYPE = YES_ERROR;
				GCC_WARN_UNDECLARED_SELECTOR = YES;
				GCC_WARN_UNINITIALIZED_AUTOS = YES_AGGRESSIVE;
				GCC_WARN_UNUSED_FUNCTION = YES;
				GCC_WARN_UNUSED_VARIABLE = YES;
				IPHONEOS_DEPLOYMENT_TARGET = 10.0;
				MTL_ENABLE_DEBUG_INFO = YES;
				ONLY_ACTIVE_ARCH = YES;
				SDKROOT = iphoneos;
				SWIFT_ACTIVE_COMPILATION_CONDITIONS = DEBUG;
				SWIFT_OPTIMIZATION_LEVEL = "-Onone";
			};
			name = Debug;
		};
		F451E5731E0336190071E931 /* Release */ = {
			isa = XCBuildConfiguration;
			buildSettings = {
				ALWAYS_SEARCH_USER_PATHS = NO;
				CLANG_ANALYZER_NONNULL = YES;
				CLANG_CXX_LANGUAGE_STANDARD = "gnu++0x";
				CLANG_CXX_LIBRARY = "libc++";
				CLANG_ENABLE_MODULES = YES;
				CLANG_ENABLE_OBJC_ARC = YES;
				CLANG_WARN_BOOL_CONVERSION = YES;
				CLANG_WARN_CONSTANT_CONVERSION = YES;
				CLANG_WARN_DIRECT_OBJC_ISA_USAGE = YES_ERROR;
				CLANG_WARN_DOCUMENTATION_COMMENTS = YES;
				CLANG_WARN_EMPTY_BODY = YES;
				CLANG_WARN_ENUM_CONVERSION = YES;
				CLANG_WARN_INFINITE_RECURSION = YES;
				CLANG_WARN_INT_CONVERSION = YES;
				CLANG_WARN_OBJC_ROOT_CLASS = YES_ERROR;
				CLANG_WARN_SUSPICIOUS_MOVE = YES;
				CLANG_WARN_SUSPICIOUS_MOVES = YES;
				CLANG_WARN_UNREACHABLE_CODE = YES;
				CLANG_WARN__DUPLICATE_METHOD_MATCH = YES;
				"CODE_SIGN_IDENTITY[sdk=iphoneos*]" = "iPhone Developer";
				COPY_PHASE_STRIP = NO;
				DEBUG_INFORMATION_FORMAT = "dwarf-with-dsym";
				ENABLE_NS_ASSERTIONS = NO;
				ENABLE_STRICT_OBJC_MSGSEND = YES;
				GCC_C_LANGUAGE_STANDARD = gnu99;
				GCC_NO_COMMON_BLOCKS = YES;
				GCC_WARN_64_TO_32_BIT_CONVERSION = YES;
				GCC_WARN_ABOUT_RETURN_TYPE = YES_ERROR;
				GCC_WARN_UNDECLARED_SELECTOR = YES;
				GCC_WARN_UNINITIALIZED_AUTOS = YES_AGGRESSIVE;
				GCC_WARN_UNUSED_FUNCTION = YES;
				GCC_WARN_UNUSED_VARIABLE = YES;
				IPHONEOS_DEPLOYMENT_TARGET = 10.0;
				MTL_ENABLE_DEBUG_INFO = NO;
				SDKROOT = iphoneos;
				SWIFT_OPTIMIZATION_LEVEL = "-Owholemodule";
				VALIDATE_PRODUCT = YES;
			};
			name = Release;
		};
		F451E5751E0336190071E931 /* Debug */ = {
			isa = XCBuildConfiguration;
			buildSettings = {
				ASSETCATALOG_COMPILER_APPICON_NAME = AppIcon;
				DEVELOPMENT_TEAM = L9R7FG8564;
				INFOPLIST_FILE = "School Planner/Info.plist";
				LD_RUNPATH_SEARCH_PATHS = "$(inherited) @executable_path/Frameworks";
				PRODUCT_BUNDLE_IDENTIFIER = "com.allaire.nick.School-Planner";
				PRODUCT_NAME = "$(TARGET_NAME)";
				SWIFT_VERSION = 3.0;
				TARGETED_DEVICE_FAMILY = 1;
			};
			name = Debug;
		};
		F451E5761E0336190071E931 /* Release */ = {
			isa = XCBuildConfiguration;
			buildSettings = {
				ASSETCATALOG_COMPILER_APPICON_NAME = AppIcon;
				DEVELOPMENT_TEAM = L9R7FG8564;
				INFOPLIST_FILE = "School Planner/Info.plist";
				LD_RUNPATH_SEARCH_PATHS = "$(inherited) @executable_path/Frameworks";
				PRODUCT_BUNDLE_IDENTIFIER = "com.allaire.nick.School-Planner";
				PRODUCT_NAME = "$(TARGET_NAME)";
				SWIFT_VERSION = 3.0;
				TARGETED_DEVICE_FAMILY = 1;
			};
			name = Release;
		};
		F451E5781E0336190071E931 /* Debug */ = {
			isa = XCBuildConfiguration;
			buildSettings = {
				ALWAYS_EMBED_SWIFT_STANDARD_LIBRARIES = YES;
				BUNDLE_LOADER = "$(TEST_HOST)";
				DEVELOPMENT_TEAM = L9R7FG8564;
				INFOPLIST_FILE = "School PlannerTests/Info.plist";
				LD_RUNPATH_SEARCH_PATHS = "$(inherited) @executable_path/Frameworks @loader_path/Frameworks";
				PRODUCT_BUNDLE_IDENTIFIER = "com.allaire.nick.School-PlannerTests";
				PRODUCT_NAME = "$(TARGET_NAME)";
				SWIFT_VERSION = 3.0;
				TEST_HOST = "$(BUILT_PRODUCTS_DIR)/School Planner.app/School Planner";
			};
			name = Debug;
		};
		F451E5791E0336190071E931 /* Release */ = {
			isa = XCBuildConfiguration;
			buildSettings = {
				ALWAYS_EMBED_SWIFT_STANDARD_LIBRARIES = YES;
				BUNDLE_LOADER = "$(TEST_HOST)";
				DEVELOPMENT_TEAM = L9R7FG8564;
				INFOPLIST_FILE = "School PlannerTests/Info.plist";
				LD_RUNPATH_SEARCH_PATHS = "$(inherited) @executable_path/Frameworks @loader_path/Frameworks";
				PRODUCT_BUNDLE_IDENTIFIER = "com.allaire.nick.School-PlannerTests";
				PRODUCT_NAME = "$(TARGET_NAME)";
				SWIFT_VERSION = 3.0;
				TEST_HOST = "$(BUILT_PRODUCTS_DIR)/School Planner.app/School Planner";
			};
			name = Release;
		};
		F451E57B1E0336190071E931 /* Debug */ = {
			isa = XCBuildConfiguration;
			buildSettings = {
				ALWAYS_EMBED_SWIFT_STANDARD_LIBRARIES = YES;
				DEVELOPMENT_TEAM = L9R7FG8564;
				INFOPLIST_FILE = "School PlannerUITests/Info.plist";
				LD_RUNPATH_SEARCH_PATHS = "$(inherited) @executable_path/Frameworks @loader_path/Frameworks";
				PRODUCT_BUNDLE_IDENTIFIER = "com.allaire.nick.School-PlannerUITests";
				PRODUCT_NAME = "$(TARGET_NAME)";
				SWIFT_VERSION = 3.0;
				TEST_TARGET_NAME = "School Planner";
			};
			name = Debug;
		};
		F451E57C1E0336190071E931 /* Release */ = {
			isa = XCBuildConfiguration;
			buildSettings = {
				ALWAYS_EMBED_SWIFT_STANDARD_LIBRARIES = YES;
				DEVELOPMENT_TEAM = L9R7FG8564;
				INFOPLIST_FILE = "School PlannerUITests/Info.plist";
				LD_RUNPATH_SEARCH_PATHS = "$(inherited) @executable_path/Frameworks @loader_path/Frameworks";
				PRODUCT_BUNDLE_IDENTIFIER = "com.allaire.nick.School-PlannerUITests";
				PRODUCT_NAME = "$(TARGET_NAME)";
				SWIFT_VERSION = 3.0;
				TEST_TARGET_NAME = "School Planner";
			};
			name = Release;
		};
/* End XCBuildConfiguration section */

/* Begin XCConfigurationList section */
		F451E5451E0336180071E931 /* Build configuration list for PBXProject "School Planner" */ = {
			isa = XCConfigurationList;
			buildConfigurations = (
				F451E5721E0336190071E931 /* Debug */,
				F451E5731E0336190071E931 /* Release */,
			);
			defaultConfigurationIsVisible = 0;
			defaultConfigurationName = Release;
		};
		F451E5741E0336190071E931 /* Build configuration list for PBXNativeTarget "School Planner" */ = {
			isa = XCConfigurationList;
			buildConfigurations = (
				F451E5751E0336190071E931 /* Debug */,
				F451E5761E0336190071E931 /* Release */,
			);
			defaultConfigurationIsVisible = 0;
			defaultConfigurationName = Release;
		};
		F451E5771E0336190071E931 /* Build configuration list for PBXNativeTarget "School PlannerTests" */ = {
			isa = XCConfigurationList;
			buildConfigurations = (
				F451E5781E0336190071E931 /* Debug */,
				F451E5791E0336190071E931 /* Release */,
			);
			defaultConfigurationIsVisible = 0;
			defaultConfigurationName = Release;
		};
		F451E57A1E0336190071E931 /* Build configuration list for PBXNativeTarget "School PlannerUITests" */ = {
			isa = XCConfigurationList;
			buildConfigurations = (
				F451E57B1E0336190071E931 /* Debug */,
				F451E57C1E0336190071E931 /* Release */,
			);
			defaultConfigurationIsVisible = 0;
			defaultConfigurationName = Release;
		};
/* End XCConfigurationList section */
	};
	rootObject = F451E5421E0336180071E931 /* Project object */;
}
